
Microsoft Visual Studio Solution File, Format Version 12.00
# Visual Studio 15
VisualStudioVersion = 15.0.27130.2010
MinimumVisualStudioVersion = 10.0.40219.1
Project("{9A19103F-16F7-4668-BE54-9A1E7A4F7556}") = "Api.Health", "Api.Health\Api.Health.csproj", "{7C010879-FF8C-4D88-88D6-A2419B7F04F3}"
EndProject
Project("{9A19103F-16F7-4668-BE54-9A1E7A4F7556}") = "Api.Web", "Api.Web\Api.Web.csproj", "{27987551-007E-428B-870F-99363433793F}"
EndProject
Project("{9A19103F-16F7-4668-BE54-9A1E7A4F7556}") = "Api.Health.Tests", "Api.Health.Tests\Api.Health.Tests.csproj", "{052D9FBD-373E-40FB-AEE0-4D5E21B24154}"
EndProject
Global
	GlobalSection(SolutionConfigurationPlatforms) = preSolution
		Debug|Any CPU = Debug|Any CPU
		Release|Any CPU = Release|Any CPU
	EndGlobalSection
	GlobalSection(ProjectConfigurationPlatforms) = postSolution
		{7C010879-FF8C-4D88-88D6-A2419B7F04F3}.Debug|Any CPU.ActiveCfg = Debug|Any CPU
		{7C010879-FF8C-4D88-88D6-A2419B7F04F3}.Debug|Any CPU.Build.0 = Debug|Any CPU
		{7C010879-FF8C-4D88-88D6-A2419B7F04F3}.Release|Any CPU.ActiveCfg = Release|Any CPU
		{7C010879-FF8C-4D88-88D6-A2419B7F04F3}.Release|Any CPU.Build.0 = Release|Any CPU
		{27987551-007E-428B-870F-99363433793F}.Debug|Any CPU.ActiveCfg = Debug|Any CPU
		{27987551-007E-428B-870F-99363433793F}.Debug|Any CPU.Build.0 = Debug|Any CPU
		{27987551-007E-428B-870F-99363433793F}.Release|Any CPU.ActiveCfg = Release|Any CPU
		{27987551-007E-428B-870F-99363433793F}.Release|Any CPU.Build.0 = Release|Any CPU
		{052D9FBD-373E-40FB-AEE0-4D5E21B24154}.Debug|Any CPU.ActiveCfg = Debug|Any CPU
		{052D9FBD-373E-40FB-AEE0-4D5E21B24154}.Debug|Any CPU.Build.0 = Debug|Any CPU
		{052D9FBD-373E-40FB-AEE0-4D5E21B24154}.Release|Any CPU.ActiveCfg = Release|Any CPU
		{052D9FBD-373E-40FB-AEE0-4D5E21B24154}.Release|Any CPU.Build.0 = Release|Any CPU
	EndGlobalSection
	GlobalSection(SolutionProperties) = preSolution
		HideSolutionNode = FALSE
	EndGlobalSection
	GlobalSection(ExtensibilityGlobals) = postSolution
		SolutionGuid = {72BCE462-F00A-437C-9D25-84A649334FD3}
	EndGlobalSection
EndGlobal
